// !$*UTF8*$!
{
	archiveVersion = 1;
	classes = {
	};
	objectVersion = 50;
	objects = {

/* Begin PBXBuildFile section */
		340CE28B223BEA8F003E8880 /* HomeStateCell.swift in Sources */ = {isa = PBXBuildFile; fileRef = 340CE28A223BEA8F003E8880 /* HomeStateCell.swift */; };
		340CE28D223BFBF1003E8880 /* MineHeaderView.swift in Sources */ = {isa = PBXBuildFile; fileRef = 340CE28C223BFBF1003E8880 /* MineHeaderView.swift */; };
		340CE2B3223C93B3003E8880 /* UILabel+extension.swift in Sources */ = {isa = PBXBuildFile; fileRef = 340CE2B2223C93B3003E8880 /* UILabel+extension.swift */; };
		340CE2B5223C95BC003E8880 /* UIButton+extension.swift in Sources */ = {isa = PBXBuildFile; fileRef = 340CE2B4223C95BC003E8880 /* UIButton+extension.swift */; };
		340CE2B7223C9669003E8880 /* UIImageView+extension.swift in Sources */ = {isa = PBXBuildFile; fileRef = 340CE2B6223C9669003E8880 /* UIImageView+extension.swift */; };
		340CE2B9223C96C0003E8880 /* UIView+extension.swift in Sources */ = {isa = PBXBuildFile; fileRef = 340CE2B8223C96C0003E8880 /* UIView+extension.swift */; };
		340CE2BB223C9793003E8880 /* UITableView+extension.swift in Sources */ = {isa = PBXBuildFile; fileRef = 340CE2BA223C9793003E8880 /* UITableView+extension.swift */; };
		340CE2BD223C980B003E8880 /* UICollectionView+extension.swift in Sources */ = {isa = PBXBuildFile; fileRef = 340CE2BC223C980A003E8880 /* UICollectionView+extension.swift */; };
		340CE2BF223CA209003E8880 /* MineContentView.swift in Sources */ = {isa = PBXBuildFile; fileRef = 340CE2BE223CA209003E8880 /* MineContentView.swift */; };
		340CE2C1223CAA26003E8880 /* MineContentViewCell.swift in Sources */ = {isa = PBXBuildFile; fileRef = 340CE2C0223CAA26003E8880 /* MineContentViewCell.swift */; };
		340CE2C3223CCA4B003E8880 /* HomeActivationViewController.swift in Sources */ = {isa = PBXBuildFile; fileRef = 340CE2C2223CCA4B003E8880 /* HomeActivationViewController.swift */; };
		3420FD5C223D5D1D0041288D /* HomeActivationCell.swift in Sources */ = {isa = PBXBuildFile; fileRef = 3420FD5B223D5D1D0041288D /* HomeActivationCell.swift */; };
		34503607223A44F400495854 /* MainTabBarViewController.swift in Sources */ = {isa = PBXBuildFile; fileRef = 34503606223A44F400495854 /* MainTabBarViewController.swift */; };
		3450360D223A463300495854 /* BaseViewControlle.swift in Sources */ = {isa = PBXBuildFile; fileRef = 3450360C223A463300495854 /* BaseViewControlle.swift */; };
		3450360F223A474C00495854 /* HomeViewController.swift in Sources */ = {isa = PBXBuildFile; fileRef = 3450360E223A474C00495854 /* HomeViewController.swift */; };
		34503611223A48DE00495854 /* MainNaveViewController.swift in Sources */ = {isa = PBXBuildFile; fileRef = 34503610223A48DE00495854 /* MainNaveViewController.swift */; };
		3450361B223A5A4400495854 /* MakeMoneyViewController.swift in Sources */ = {isa = PBXBuildFile; fileRef = 3450361A223A5A4400495854 /* MakeMoneyViewController.swift */; };
		3450361D223A5A5C00495854 /* MineViewController.swift in Sources */ = {isa = PBXBuildFile; fileRef = 3450361C223A5A5C00495854 /* MineViewController.swift */; };
		3450361F223A601A00495854 /* HomeHeaderView.swift in Sources */ = {isa = PBXBuildFile; fileRef = 3450361E223A601A00495854 /* HomeHeaderView.swift */; };
		34503625223A6DC200495854 /* Const.swift in Sources */ = {isa = PBXBuildFile; fileRef = 34503624223A6DC200495854 /* Const.swift */; };
		3450362A223A8E0900495854 /* HomeBannerCell.swift in Sources */ = {isa = PBXBuildFile; fileRef = 34503629223A8E0900495854 /* HomeBannerCell.swift */; };
		34503685223A950600495854 /* SDCycleScrollView.m in Sources */ = {isa = PBXBuildFile; fileRef = 34503679223A950600495854 /* SDCycleScrollView.m */; };
		34503686223A950600495854 /* UIView+SDExtension.m in Sources */ = {isa = PBXBuildFile; fileRef = 3450367A223A950600495854 /* UIView+SDExtension.m */; };
		34503687223A950600495854 /* SDCollectionViewCell.m in Sources */ = {isa = PBXBuildFile; fileRef = 3450367B223A950600495854 /* SDCollectionViewCell.m */; };
		34503688223A950600495854 /* TADotView.m in Sources */ = {isa = PBXBuildFile; fileRef = 3450367E223A950600495854 /* TADotView.m */; };
		34503689223A950600495854 /* TAPageControl.m in Sources */ = {isa = PBXBuildFile; fileRef = 3450367F223A950600495854 /* TAPageControl.m */; };
		3450368A223A950600495854 /* TAAnimatedDotView.m in Sources */ = {isa = PBXBuildFile; fileRef = 34503680223A950600495854 /* TAAnimatedDotView.m */; };
		3450368B223A950600495854 /* TAAbstractDotView.m in Sources */ = {isa = PBXBuildFile; fileRef = 34503681223A950600495854 /* TAAbstractDotView.m */; };
		345036AA223A95DE00495854 /* SDWebImageManager.m in Sources */ = {isa = PBXBuildFile; fileRef = 3450368F223A95DE00495854 /* SDWebImageManager.m */; };
		345036AB223A95DE00495854 /* SDWebImageDecoder.m in Sources */ = {isa = PBXBuildFile; fileRef = 34503690223A95DE00495854 /* SDWebImageDecoder.m */; };
		345036AC223A95DE00495854 /* UIImageView+HighlightedWebCache.m in Sources */ = {isa = PBXBuildFile; fileRef = 34503692223A95DE00495854 /* UIImageView+HighlightedWebCache.m */; };
		345036AD223A95DE00495854 /* SDWebImageDownloader.m in Sources */ = {isa = PBXBuildFile; fileRef = 34503694223A95DE00495854 /* SDWebImageDownloader.m */; };
		345036AE223A95DE00495854 /* UIImage+GIF.m in Sources */ = {isa = PBXBuildFile; fileRef = 34503695223A95DE00495854 /* UIImage+GIF.m */; };
		345036AF223A95DE00495854 /* UIImage+MultiFormat.m in Sources */ = {isa = PBXBuildFile; fileRef = 34503697223A95DE00495854 /* UIImage+MultiFormat.m */; };
		345036B0223A95DE00495854 /* SDWebImageCompat.m in Sources */ = {isa = PBXBuildFile; fileRef = 34503698223A95DE00495854 /* SDWebImageCompat.m */; };
		345036B1223A95DE00495854 /* SDWebImagePrefetcher.m in Sources */ = {isa = PBXBuildFile; fileRef = 34503699223A95DE00495854 /* SDWebImagePrefetcher.m */; };
		345036B2223A95DE00495854 /* SDImageCache.m in Sources */ = {isa = PBXBuildFile; fileRef = 3450369B223A95DE00495854 /* SDImageCache.m */; };
		345036B3223A95DE00495854 /* SDWebImageDownloaderOperation.m in Sources */ = {isa = PBXBuildFile; fileRef = 3450369D223A95DE00495854 /* SDWebImageDownloaderOperation.m */; };
		345036B4223A95DE00495854 /* NSData+ImageContentType.m in Sources */ = {isa = PBXBuildFile; fileRef = 345036A0223A95DE00495854 /* NSData+ImageContentType.m */; };
		345036B5223A95DE00495854 /* UIImageView+WebCache.m in Sources */ = {isa = PBXBuildFile; fileRef = 345036A1223A95DE00495854 /* UIImageView+WebCache.m */; };
		345036B6223A95DE00495854 /* UIView+WebCacheOperation.m in Sources */ = {isa = PBXBuildFile; fileRef = 345036A4223A95DE00495854 /* UIView+WebCacheOperation.m */; };
		345036B7223A95DE00495854 /* UIButton+WebCache.m in Sources */ = {isa = PBXBuildFile; fileRef = 345036A8223A95DE00495854 /* UIButton+WebCache.m */; };
		349013FB223A3D5600958E69 /* AppDelegate.swift in Sources */ = {isa = PBXBuildFile; fileRef = 349013FA223A3D5600958E69 /* AppDelegate.swift */; };
		34901402223A3D5700958E69 /* Assets.xcassets in Resources */ = {isa = PBXBuildFile; fileRef = 34901401223A3D5700958E69 /* Assets.xcassets */; };
		34901405223A3D5700958E69 /* LaunchScreen.storyboard in Resources */ = {isa = PBXBuildFile; fileRef = 34901403223A3D5700958E69 /* LaunchScreen.storyboard */; };
		34D38FB8223BB427007DCAC0 /* HomeTitleBannerCell.swift in Sources */ = {isa = PBXBuildFile; fileRef = 34D38FB7223BB427007DCAC0 /* HomeTitleBannerCell.swift */; };
		870F7ABE22558D3900883348 /* HomeApplyLoanViewController.swift in Sources */ = {isa = PBXBuildFile; fileRef = 870F7ABD22558D3900883348 /* HomeApplyLoanViewController.swift */; };
		870F7AC022558EDA00883348 /* HomeApplyLoanImgCell.swift in Sources */ = {isa = PBXBuildFile; fileRef = 870F7ABF22558EDA00883348 /* HomeApplyLoanImgCell.swift */; };
		870F7AC22255A0D800883348 /* HomeApplyLoanImgFootView.swift in Sources */ = {isa = PBXBuildFile; fileRef = 870F7AC12255A0D800883348 /* HomeApplyLoanImgFootView.swift */; };
		87176E6622655D8700454157 /* HomeDataProveViewController.swift in Sources */ = {isa = PBXBuildFile; fileRef = 87176E6522655D8700454157 /* HomeDataProveViewController.swift */; };
		87176E682265610D00454157 /* HomeDataProveCell.swift in Sources */ = {isa = PBXBuildFile; fileRef = 87176E672265610D00454157 /* HomeDataProveCell.swift */; };
		87176E6A2265648200454157 /* HomeDataProveSectionView.swift in Sources */ = {isa = PBXBuildFile; fileRef = 87176E692265648200454157 /* HomeDataProveSectionView.swift */; };
		874278B5226072E4000A1163 /* HomeAlsoMoneyHeaderView.swift in Sources */ = {isa = PBXBuildFile; fileRef = 874278B4226072E4000A1163 /* HomeAlsoMoneyHeaderView.swift */; };
		874278B722607B99000A1163 /* HomeAlsoMoneyTitleCell.swift in Sources */ = {isa = PBXBuildFile; fileRef = 874278B622607B99000A1163 /* HomeAlsoMoneyTitleCell.swift */; };
		87592EF2224A021300FFE0A3 /* HomeLeadToProveViewController.swift in Sources */ = {isa = PBXBuildFile; fileRef = 87592EF1224A021300FFE0A3 /* HomeLeadToProveViewController.swift */; };
		87592EF4224A078500FFE0A3 /* HomeLeadToProveChooseView.swift in Sources */ = {isa = PBXBuildFile; fileRef = 87592EF3224A078500FFE0A3 /* HomeLeadToProveChooseView.swift */; };
		8768BF902252EFB000AFCAEE /* HomeLeadToProveBankInfoCell.swift in Sources */ = {isa = PBXBuildFile; fileRef = 8768BF8F2252EFB000AFCAEE /* HomeLeadToProveBankInfoCell.swift */; };
		87917148224CEC1B00AB685E /* HomeLeadToProveContactCell.swift in Sources */ = {isa = PBXBuildFile; fileRef = 87917147224CEC1B00AB685E /* HomeLeadToProveContactCell.swift */; };
		8795E54F224B7C0C004C5582 /* HomeLeadToProveidenCell.swift in Sources */ = {isa = PBXBuildFile; fileRef = 8795E54E224B7C0C004C5582 /* HomeLeadToProveidenCell.swift */; };
		8795E551224BB8FE004C5582 /* UIButton+EdgeInsets.swift in Sources */ = {isa = PBXBuildFile; fileRef = 8795E550224BB8FE004C5582 /* UIButton+EdgeInsets.swift */; };
		87BCD6D32264069600ACC3E0 /* HomeAlsoMoneyPsyTypeCell.swift in Sources */ = {isa = PBXBuildFile; fileRef = 87BCD6D22264069600ACC3E0 /* HomeAlsoMoneyPsyTypeCell.swift */; };
		87BCD6D52264122100ACC3E0 /* HomeAlsoMoneyFootView.swift in Sources */ = {isa = PBXBuildFile; fileRef = 87BCD6D42264122100ACC3E0 /* HomeAlsoMoneyFootView.swift */; };
		87F45D35225ACE69001D3E11 /* HomeWebViewController.swift in Sources */ = {isa = PBXBuildFile; fileRef = 87F45D34225ACE69001D3E11 /* HomeWebViewController.swift */; };
		87F45D37225ADFFF001D3E11 /* HomeAlsoMoneyViewController.swift in Sources */ = {isa = PBXBuildFile; fileRef = 87F45D36225ADFFF001D3E11 /* HomeAlsoMoneyViewController.swift */; };
		87F45D39225AE68D001D3E11 /* HomeAlsoMoneyNaviView.swift in Sources */ = {isa = PBXBuildFile; fileRef = 87F45D38225AE68D001D3E11 /* HomeAlsoMoneyNaviView.swift */; };
		B1962184052D22F002730F34 /* Pods_zxjSwift.framework in Frameworks */ = {isa = PBXBuildFile; fileRef = 3F46DC4F90A81B85AE675BF9 /* Pods_zxjSwift.framework */; };
/* End PBXBuildFile section */

/* Begin PBXFileReference section */
		2D59A05522C5E1B075A5F39B /* Pods-zxjSwift.release.xcconfig */ = {isa = PBXFileReference; includeInIndex = 1; lastKnownFileType = text.xcconfig; name = "Pods-zxjSwift.release.xcconfig"; path = "Pods/Target Support Files/Pods-zxjSwift/Pods-zxjSwift.release.xcconfig"; sourceTree = "<group>"; };
		340CE28A223BEA8F003E8880 /* HomeStateCell.swift */ = {isa = PBXFileReference; lastKnownFileType = sourcecode.swift; path = HomeStateCell.swift; sourceTree = "<group>"; };
		340CE28C223BFBF1003E8880 /* MineHeaderView.swift */ = {isa = PBXFileReference; lastKnownFileType = sourcecode.swift; path = MineHeaderView.swift; sourceTree = "<group>"; };
		340CE2B2223C93B3003E8880 /* UILabel+extension.swift */ = {isa = PBXFileReference; lastKnownFileType = sourcecode.swift; path = "UILabel+extension.swift"; sourceTree = "<group>"; };
		340CE2B4223C95BC003E8880 /* UIButton+extension.swift */ = {isa = PBXFileReference; lastKnownFileType = sourcecode.swift; path = "UIButton+extension.swift"; sourceTree = "<group>"; };
		340CE2B6223C9669003E8880 /* UIImageView+extension.swift */ = {isa = PBXFileReference; lastKnownFileType = sourcecode.swift; path = "UIImageView+extension.swift"; sourceTree = "<group>"; };
		340CE2B8223C96C0003E8880 /* UIView+extension.swift */ = {isa = PBXFileReference; lastKnownFileType = sourcecode.swift; path = "UIView+extension.swift"; sourceTree = "<group>"; };
		340CE2BA223C9793003E8880 /* UITableView+extension.swift */ = {isa = PBXFileReference; lastKnownFileType = sourcecode.swift; path = "UITableView+extension.swift"; sourceTree = "<group>"; };
		340CE2BC223C980A003E8880 /* UICollectionView+extension.swift */ = {isa = PBXFileReference; lastKnownFileType = sourcecode.swift; path = "UICollectionView+extension.swift"; sourceTree = "<group>"; };
		340CE2BE223CA209003E8880 /* MineContentView.swift */ = {isa = PBXFileReference; lastKnownFileType = sourcecode.swift; path = MineContentView.swift; sourceTree = "<group>"; };
		340CE2C0223CAA26003E8880 /* MineContentViewCell.swift */ = {isa = PBXFileReference; lastKnownFileType = sourcecode.swift; path = MineContentViewCell.swift; sourceTree = "<group>"; };
		340CE2C2223CCA4B003E8880 /* HomeActivationViewController.swift */ = {isa = PBXFileReference; lastKnownFileType = sourcecode.swift; path = HomeActivationViewController.swift; sourceTree = "<group>"; };
		3420FD5B223D5D1D0041288D /* HomeActivationCell.swift */ = {isa = PBXFileReference; lastKnownFileType = sourcecode.swift; path = HomeActivationCell.swift; sourceTree = "<group>"; };
		34503606223A44F400495854 /* MainTabBarViewController.swift */ = {isa = PBXFileReference; lastKnownFileType = sourcecode.swift; path = MainTabBarViewController.swift; sourceTree = "<group>"; };
		3450360C223A463300495854 /* BaseViewControlle.swift */ = {isa = PBXFileReference; lastKnownFileType = sourcecode.swift; path = BaseViewControlle.swift; sourceTree = "<group>"; };
		3450360E223A474C00495854 /* HomeViewController.swift */ = {isa = PBXFileReference; lastKnownFileType = sourcecode.swift; path = HomeViewController.swift; sourceTree = "<group>"; };
		34503610223A48DE00495854 /* MainNaveViewController.swift */ = {isa = PBXFileReference; lastKnownFileType = sourcecode.swift; path = MainNaveViewController.swift; sourceTree = "<group>"; };
		3450361A223A5A4400495854 /* MakeMoneyViewController.swift */ = {isa = PBXFileReference; lastKnownFileType = sourcecode.swift; path = MakeMoneyViewController.swift; sourceTree = "<group>"; };
		3450361C223A5A5C00495854 /* MineViewController.swift */ = {isa = PBXFileReference; lastKnownFileType = sourcecode.swift; path = MineViewController.swift; sourceTree = "<group>"; };
		3450361E223A601A00495854 /* HomeHeaderView.swift */ = {isa = PBXFileReference; fileEncoding = 4; lastKnownFileType = sourcecode.swift; path = HomeHeaderView.swift; sourceTree = "<group>"; };
		34503624223A6DC200495854 /* Const.swift */ = {isa = PBXFileReference; lastKnownFileType = sourcecode.swift; path = Const.swift; sourceTree = "<group>"; };
		34503629223A8E0900495854 /* HomeBannerCell.swift */ = {isa = PBXFileReference; lastKnownFileType = sourcecode.swift; path = HomeBannerCell.swift; sourceTree = "<group>"; };
		3450365D223A8FD600495854 /* Quizzler-Bridging-Header.h */ = {isa = PBXFileReference; lastKnownFileType = sourcecode.c.h; path = "Quizzler-Bridging-Header.h"; sourceTree = "<group>"; };
		34503676223A950600495854 /* UIView+SDExtension.h */ = {isa = PBXFileReference; fileEncoding = 4; lastKnownFileType = sourcecode.c.h; path = "UIView+SDExtension.h"; sourceTree = "<group>"; };
		34503677223A950600495854 /* SDCycleScrollView.h */ = {isa = PBXFileReference; fileEncoding = 4; lastKnownFileType = sourcecode.c.h; path = SDCycleScrollView.h; sourceTree = "<group>"; };
		34503678223A950600495854 /* SDCollectionViewCell.h */ = {isa = PBXFileReference; fileEncoding = 4; lastKnownFileType = sourcecode.c.h; path = SDCollectionViewCell.h; sourceTree = "<group>"; };
		34503679223A950600495854 /* SDCycleScrollView.m */ = {isa = PBXFileReference; fileEncoding = 4; lastKnownFileType = sourcecode.c.objc; path = SDCycleScrollView.m; sourceTree = "<group>"; };
		3450367A223A950600495854 /* UIView+SDExtension.m */ = {isa = PBXFileReference; fileEncoding = 4; lastKnownFileType = sourcecode.c.objc; path = "UIView+SDExtension.m"; sourceTree = "<group>"; };
		3450367B223A950600495854 /* SDCollectionViewCell.m */ = {isa = PBXFileReference; fileEncoding = 4; lastKnownFileType = sourcecode.c.objc; path = SDCollectionViewCell.m; sourceTree = "<group>"; };
		3450367D223A950600495854 /* TAAbstractDotView.h */ = {isa = PBXFileReference; fileEncoding = 4; lastKnownFileType = sourcecode.c.h; path = TAAbstractDotView.h; sourceTree = "<group>"; };
		3450367E223A950600495854 /* TADotView.m */ = {isa = PBXFileReference; fileEncoding = 4; lastKnownFileType = sourcecode.c.objc; path = TADotView.m; sourceTree = "<group>"; };
		3450367F223A950600495854 /* TAPageControl.m */ = {isa = PBXFileReference; fileEncoding = 4; lastKnownFileType = sourcecode.c.objc; path = TAPageControl.m; sourceTree = "<group>"; };
		34503680223A950600495854 /* TAAnimatedDotView.m */ = {isa = PBXFileReference; fileEncoding = 4; lastKnownFileType = sourcecode.c.objc; path = TAAnimatedDotView.m; sourceTree = "<group>"; };
		34503681223A950600495854 /* TAAbstractDotView.m */ = {isa = PBXFileReference; fileEncoding = 4; lastKnownFileType = sourcecode.c.objc; path = TAAbstractDotView.m; sourceTree = "<group>"; };
		34503682223A950600495854 /* TADotView.h */ = {isa = PBXFileReference; fileEncoding = 4; lastKnownFileType = sourcecode.c.h; path = TADotView.h; sourceTree = "<group>"; };
		34503683223A950600495854 /* TAAnimatedDotView.h */ = {isa = PBXFileReference; fileEncoding = 4; lastKnownFileType = sourcecode.c.h; path = TAAnimatedDotView.h; sourceTree = "<group>"; };
		34503684223A950600495854 /* TAPageControl.h */ = {isa = PBXFileReference; fileEncoding = 4; lastKnownFileType = sourcecode.c.h; path = TAPageControl.h; sourceTree = "<group>"; };
		3450368D223A95DE00495854 /* UIImageView+WebCache.h */ = {isa = PBXFileReference; fileEncoding = 4; lastKnownFileType = sourcecode.c.h; path = "UIImageView+WebCache.h"; sourceTree = "<group>"; };
		3450368E223A95DE00495854 /* NSData+ImageContentType.h */ = {isa = PBXFileReference; fileEncoding = 4; lastKnownFileType = sourcecode.c.h; path = "NSData+ImageContentType.h"; sourceTree = "<group>"; };
		3450368F223A95DE00495854 /* SDWebImageManager.m */ = {isa = PBXFileReference; fileEncoding = 4; lastKnownFileType = sourcecode.c.objc; path = SDWebImageManager.m; sourceTree = "<group>"; };
		34503690223A95DE00495854 /* SDWebImageDecoder.m */ = {isa = PBXFileReference; fileEncoding = 4; lastKnownFileType = sourcecode.c.objc; path = SDWebImageDecoder.m; sourceTree = "<group>"; };
		34503691223A95DE00495854 /* SDWebImageDownloaderOperation.h */ = {isa = PBXFileReference; fileEncoding = 4; lastKnownFileType = sourcecode.c.h; path = SDWebImageDownloaderOperation.h; sourceTree = "<group>"; };
		34503692223A95DE00495854 /* UIImageView+HighlightedWebCache.m */ = {isa = PBXFileReference; fileEncoding = 4; lastKnownFileType = sourcecode.c.objc; path = "UIImageView+HighlightedWebCache.m"; sourceTree = "<group>"; };
		34503693223A95DE00495854 /* SDImageCache.h */ = {isa = PBXFileReference; fileEncoding = 4; lastKnownFileType = sourcecode.c.h; path = SDImageCache.h; sourceTree = "<group>"; };
		34503694223A95DE00495854 /* SDWebImageDownloader.m */ = {isa = PBXFileReference; fileEncoding = 4; lastKnownFileType = sourcecode.c.objc; path = SDWebImageDownloader.m; sourceTree = "<group>"; };
		34503695223A95DE00495854 /* UIImage+GIF.m */ = {isa = PBXFileReference; fileEncoding = 4; lastKnownFileType = sourcecode.c.objc; path = "UIImage+GIF.m"; sourceTree = "<group>"; };
		34503696223A95DE00495854 /* UIButton+WebCache.h */ = {isa = PBXFileReference; fileEncoding = 4; lastKnownFileType = sourcecode.c.h; path = "UIButton+WebCache.h"; sourceTree = "<group>"; };
		34503697223A95DE00495854 /* UIImage+MultiFormat.m */ = {isa = PBXFileReference; fileEncoding = 4; lastKnownFileType = sourcecode.c.objc; path = "UIImage+MultiFormat.m"; sourceTree = "<group>"; };
		34503698223A95DE00495854 /* SDWebImageCompat.m */ = {isa = PBXFileReference; fileEncoding = 4; lastKnownFileType = sourcecode.c.objc; path = SDWebImageCompat.m; sourceTree = "<group>"; };
		34503699223A95DE00495854 /* SDWebImagePrefetcher.m */ = {isa = PBXFileReference; fileEncoding = 4; lastKnownFileType = sourcecode.c.objc; path = SDWebImagePrefetcher.m; sourceTree = "<group>"; };
		3450369A223A95DE00495854 /* UIView+WebCacheOperation.h */ = {isa = PBXFileReference; fileEncoding = 4; lastKnownFileType = sourcecode.c.h; path = "UIView+WebCacheOperation.h"; sourceTree = "<group>"; };
		3450369B223A95DE00495854 /* SDImageCache.m */ = {isa = PBXFileReference; fileEncoding = 4; lastKnownFileType = sourcecode.c.objc; path = SDImageCache.m; sourceTree = "<group>"; };
		3450369C223A95DE00495854 /* UIImageView+HighlightedWebCache.h */ = {isa = PBXFileReference; fileEncoding = 4; lastKnownFileType = sourcecode.c.h; path = "UIImageView+HighlightedWebCache.h"; sourceTree = "<group>"; };
		3450369D223A95DE00495854 /* SDWebImageDownloaderOperation.m */ = {isa = PBXFileReference; fileEncoding = 4; lastKnownFileType = sourcecode.c.objc; path = SDWebImageDownloaderOperation.m; sourceTree = "<group>"; };
		3450369E223A95DE00495854 /* SDWebImageDecoder.h */ = {isa = PBXFileReference; fileEncoding = 4; lastKnownFileType = sourcecode.c.h; path = SDWebImageDecoder.h; sourceTree = "<group>"; };
		3450369F223A95DE00495854 /* SDWebImageManager.h */ = {isa = PBXFileReference; fileEncoding = 4; lastKnownFileType = sourcecode.c.h; path = SDWebImageManager.h; sourceTree = "<group>"; };
		345036A0223A95DE00495854 /* NSData+ImageContentType.m */ = {isa = PBXFileReference; fileEncoding = 4; lastKnownFileType = sourcecode.c.objc; path = "NSData+ImageContentType.m"; sourceTree = "<group>"; };
		345036A1223A95DE00495854 /* UIImageView+WebCache.m */ = {isa = PBXFileReference; fileEncoding = 4; lastKnownFileType = sourcecode.c.objc; path = "UIImageView+WebCache.m"; sourceTree = "<group>"; };
		345036A2223A95DE00495854 /* SDWebImageOperation.h */ = {isa = PBXFileReference; fileEncoding = 4; lastKnownFileType = sourcecode.c.h; path = SDWebImageOperation.h; sourceTree = "<group>"; };
		345036A3223A95DE00495854 /* SDWebImageDownloader.h */ = {isa = PBXFileReference; fileEncoding = 4; lastKnownFileType = sourcecode.c.h; path = SDWebImageDownloader.h; sourceTree = "<group>"; };
		345036A4223A95DE00495854 /* UIView+WebCacheOperation.m */ = {isa = PBXFileReference; fileEncoding = 4; lastKnownFileType = sourcecode.c.objc; path = "UIView+WebCacheOperation.m"; sourceTree = "<group>"; };
		345036A5223A95DE00495854 /* SDWebImagePrefetcher.h */ = {isa = PBXFileReference; fileEncoding = 4; lastKnownFileType = sourcecode.c.h; path = SDWebImagePrefetcher.h; sourceTree = "<group>"; };
		345036A6223A95DE00495854 /* SDWebImageCompat.h */ = {isa = PBXFileReference; fileEncoding = 4; lastKnownFileType = sourcecode.c.h; path = SDWebImageCompat.h; sourceTree = "<group>"; };
		345036A7223A95DE00495854 /* UIImage+MultiFormat.h */ = {isa = PBXFileReference; fileEncoding = 4; lastKnownFileType = sourcecode.c.h; path = "UIImage+MultiFormat.h"; sourceTree = "<group>"; };
		345036A8223A95DE00495854 /* UIButton+WebCache.m */ = {isa = PBXFileReference; fileEncoding = 4; lastKnownFileType = sourcecode.c.objc; path = "UIButton+WebCache.m"; sourceTree = "<group>"; };
		345036A9223A95DE00495854 /* UIImage+GIF.h */ = {isa = PBXFileReference; fileEncoding = 4; lastKnownFileType = sourcecode.c.h; path = "UIImage+GIF.h"; sourceTree = "<group>"; };
		349013F7223A3D5600958E69 /* zxjSwift.app */ = {isa = PBXFileReference; explicitFileType = wrapper.application; includeInIndex = 0; path = zxjSwift.app; sourceTree = BUILT_PRODUCTS_DIR; };
		349013FA223A3D5600958E69 /* AppDelegate.swift */ = {isa = PBXFileReference; lastKnownFileType = sourcecode.swift; path = AppDelegate.swift; sourceTree = "<group>"; };
		34901401223A3D5700958E69 /* Assets.xcassets */ = {isa = PBXFileReference; lastKnownFileType = folder.assetcatalog; path = Assets.xcassets; sourceTree = "<group>"; };
		34901404223A3D5700958E69 /* Base */ = {isa = PBXFileReference; lastKnownFileType = file.storyboard; name = Base; path = Base.lproj/LaunchScreen.storyboard; sourceTree = "<group>"; };
		34901406223A3D5700958E69 /* Info.plist */ = {isa = PBXFileReference; lastKnownFileType = text.plist.xml; path = Info.plist; sourceTree = "<group>"; };
		34D38FB7223BB427007DCAC0 /* HomeTitleBannerCell.swift */ = {isa = PBXFileReference; lastKnownFileType = sourcecode.swift; path = HomeTitleBannerCell.swift; sourceTree = "<group>"; };
		3F46DC4F90A81B85AE675BF9 /* Pods_zxjSwift.framework */ = {isa = PBXFileReference; explicitFileType = wrapper.framework; includeInIndex = 0; path = Pods_zxjSwift.framework; sourceTree = BUILT_PRODUCTS_DIR; };
		870F7ABD22558D3900883348 /* HomeApplyLoanViewController.swift */ = {isa = PBXFileReference; lastKnownFileType = sourcecode.swift; path = HomeApplyLoanViewController.swift; sourceTree = "<group>"; };
		870F7ABF22558EDA00883348 /* HomeApplyLoanImgCell.swift */ = {isa = PBXFileReference; lastKnownFileType = sourcecode.swift; path = HomeApplyLoanImgCell.swift; sourceTree = "<group>"; };
		870F7AC12255A0D800883348 /* HomeApplyLoanImgFootView.swift */ = {isa = PBXFileReference; lastKnownFileType = sourcecode.swift; path = HomeApplyLoanImgFootView.swift; sourceTree = "<group>"; };
		87176E6522655D8700454157 /* HomeDataProveViewController.swift */ = {isa = PBXFileReference; lastKnownFileType = sourcecode.swift; path = HomeDataProveViewController.swift; sourceTree = "<group>"; };
		87176E672265610D00454157 /* HomeDataProveCell.swift */ = {isa = PBXFileReference; lastKnownFileType = sourcecode.swift; path = HomeDataProveCell.swift; sourceTree = "<group>"; };
		87176E692265648200454157 /* HomeDataProveSectionView.swift */ = {isa = PBXFileReference; lastKnownFileType = sourcecode.swift; path = HomeDataProveSectionView.swift; sourceTree = "<group>"; };
		874278B4226072E4000A1163 /* HomeAlsoMoneyHeaderView.swift */ = {isa = PBXFileReference; lastKnownFileType = sourcecode.swift; path = HomeAlsoMoneyHeaderView.swift; sourceTree = "<group>"; };
		874278B622607B99000A1163 /* HomeAlsoMoneyTitleCell.swift */ = {isa = PBXFileReference; lastKnownFileType = sourcecode.swift; path = HomeAlsoMoneyTitleCell.swift; sourceTree = "<group>"; };
		87592EF1224A021300FFE0A3 /* HomeLeadToProveViewController.swift */ = {isa = PBXFileReference; lastKnownFileType = sourcecode.swift; path = HomeLeadToProveViewController.swift; sourceTree = "<group>"; };
		87592EF3224A078500FFE0A3 /* HomeLeadToProveChooseView.swift */ = {isa = PBXFileReference; lastKnownFileType = sourcecode.swift; path = HomeLeadToProveChooseView.swift; sourceTree = "<group>"; };
		8768BF8F2252EFB000AFCAEE /* HomeLeadToProveBankInfoCell.swift */ = {isa = PBXFileReference; lastKnownFileType = sourcecode.swift; path = HomeLeadToProveBankInfoCell.swift; sourceTree = "<group>"; };
		87917147224CEC1B00AB685E /* HomeLeadToProveContactCell.swift */ = {isa = PBXFileReference; lastKnownFileType = sourcecode.swift; path = HomeLeadToProveContactCell.swift; sourceTree = "<group>"; };
		8795E54E224B7C0C004C5582 /* HomeLeadToProveidenCell.swift */ = {isa = PBXFileReference; lastKnownFileType = sourcecode.swift; path = HomeLeadToProveidenCell.swift; sourceTree = "<group>"; };
		8795E550224BB8FE004C5582 /* UIButton+EdgeInsets.swift */ = {isa = PBXFileReference; lastKnownFileType = sourcecode.swift; path = "UIButton+EdgeInsets.swift"; sourceTree = "<group>"; };
		87BCD6D22264069600ACC3E0 /* HomeAlsoMoneyPsyTypeCell.swift */ = {isa = PBXFileReference; lastKnownFileType = sourcecode.swift; path = HomeAlsoMoneyPsyTypeCell.swift; sourceTree = "<group>"; };
		87BCD6D42264122100ACC3E0 /* HomeAlsoMoneyFootView.swift */ = {isa = PBXFileReference; lastKnownFileType = sourcecode.swift; path = HomeAlsoMoneyFootView.swift; sourceTree = "<group>"; };
		87F45D34225ACE69001D3E11 /* HomeWebViewController.swift */ = {isa = PBXFileReference; lastKnownFileType = sourcecode.swift; path = HomeWebViewController.swift; sourceTree = "<group>"; };
		87F45D36225ADFFF001D3E11 /* HomeAlsoMoneyViewController.swift */ = {isa = PBXFileReference; lastKnownFileType = sourcecode.swift; path = HomeAlsoMoneyViewController.swift; sourceTree = "<group>"; };
		87F45D38225AE68D001D3E11 /* HomeAlsoMoneyNaviView.swift */ = {isa = PBXFileReference; lastKnownFileType = sourcecode.swift; path = HomeAlsoMoneyNaviView.swift; sourceTree = "<group>"; };
		985D20551EC0DFE75A5A4ED8 /* Pods-zxjSwift.debug.xcconfig */ = {isa = PBXFileReference; includeInIndex = 1; lastKnownFileType = text.xcconfig; name = "Pods-zxjSwift.debug.xcconfig"; path = "Pods/Target Support Files/Pods-zxjSwift/Pods-zxjSwift.debug.xcconfig"; sourceTree = "<group>"; };
/* End PBXFileReference section */

/* Begin PBXFrameworksBuildPhase section */
		349013F4223A3D5600958E69 /* Frameworks */ = {
			isa = PBXFrameworksBuildPhase;
			buildActionMask = 2147483647;
			files = (
				B1962184052D22F002730F34 /* Pods_zxjSwift.framework in Frameworks */,
			);
			runOnlyForDeploymentPostprocessing = 0;
		};
/* End PBXFrameworksBuildPhase section */

/* Begin PBXGroup section */
		34503601223A415F00495854 /* Model */ = {
			isa = PBXGroup;
			children = (
			);
			path = Model;
			sourceTree = "<group>";
		};
		34503602223A415F00495854 /* View */ = {
			isa = PBXGroup;
			children = (
			);
			path = View;
			sourceTree = "<group>";
		};
		34503603223A415F00495854 /* ViewController */ = {
			isa = PBXGroup;
			children = (
				34503606223A44F400495854 /* MainTabBarViewController.swift */,
				3450360C223A463300495854 /* BaseViewControlle.swift */,
				34503610223A48DE00495854 /* MainNaveViewController.swift */,
			);
			path = ViewController;
			sourceTree = "<group>";
		};
		34503608223A460400495854 /* Home */ = {
			isa = PBXGroup;
			children = (
				34503609223A460400495854 /* Model */,
				3450360A223A460400495854 /* View */,
				3450360B223A460400495854 /* ViewController */,
			);
			path = Home;
			sourceTree = "<group>";
		};
		34503609223A460400495854 /* Model */ = {
			isa = PBXGroup;
			children = (
			);
			path = Model;
			sourceTree = "<group>";
		};
		3450360A223A460400495854 /* View */ = {
			isa = PBXGroup;
			children = (
				3450361E223A601A00495854 /* HomeHeaderView.swift */,
				34503629223A8E0900495854 /* HomeBannerCell.swift */,
				34D38FB7223BB427007DCAC0 /* HomeTitleBannerCell.swift */,
				340CE28A223BEA8F003E8880 /* HomeStateCell.swift */,
				3420FD5B223D5D1D0041288D /* HomeActivationCell.swift */,
				87592EF3224A078500FFE0A3 /* HomeLeadToProveChooseView.swift */,
				8795E54E224B7C0C004C5582 /* HomeLeadToProveidenCell.swift */,
				87917147224CEC1B00AB685E /* HomeLeadToProveContactCell.swift */,
				8768BF8F2252EFB000AFCAEE /* HomeLeadToProveBankInfoCell.swift */,
				870F7ABF22558EDA00883348 /* HomeApplyLoanImgCell.swift */,
				870F7AC12255A0D800883348 /* HomeApplyLoanImgFootView.swift */,
				87F45D38225AE68D001D3E11 /* HomeAlsoMoneyNaviView.swift */,
				874278B4226072E4000A1163 /* HomeAlsoMoneyHeaderView.swift */,
				874278B622607B99000A1163 /* HomeAlsoMoneyTitleCell.swift */,
				87BCD6D22264069600ACC3E0 /* HomeAlsoMoneyPsyTypeCell.swift */,
				87BCD6D42264122100ACC3E0 /* HomeAlsoMoneyFootView.swift */,
				87176E672265610D00454157 /* HomeDataProveCell.swift */,
				87176E692265648200454157 /* HomeDataProveSectionView.swift */,
			);
			path = View;
			sourceTree = "<group>";
		};
		3450360B223A460400495854 /* ViewController */ = {
			isa = PBXGroup;
			children = (
				3450360E223A474C00495854 /* HomeViewController.swift */,
				340CE2C2223CCA4B003E8880 /* HomeActivationViewController.swift */,
				87592EF1224A021300FFE0A3 /* HomeLeadToProveViewController.swift */,
				870F7ABD22558D3900883348 /* HomeApplyLoanViewController.swift */,
				87F45D34225ACE69001D3E11 /* HomeWebViewController.swift */,
				87F45D36225ADFFF001D3E11 /* HomeAlsoMoneyViewController.swift */,
				87176E6522655D8700454157 /* HomeDataProveViewController.swift */,
			);
			path = ViewController;
			sourceTree = "<group>";
		};
		34503612223A59CC00495854 /* MakeMoney */ = {
			isa = PBXGroup;
			children = (
				34503613223A59CC00495854 /* Model */,
				34503614223A59CC00495854 /* View */,
				34503615223A59CC00495854 /* ViewController */,
			);
			name = MakeMoney;
			path = zxjSwift/MakeMoney;
			sourceTree = SOURCE_ROOT;
		};
		34503613223A59CC00495854 /* Model */ = {
			isa = PBXGroup;
			children = (
			);
			path = Model;
			sourceTree = "<group>";
		};
		34503614223A59CC00495854 /* View */ = {
			isa = PBXGroup;
			children = (
			);
			path = View;
			sourceTree = "<group>";
		};
		34503615223A59CC00495854 /* ViewController */ = {
			isa = PBXGroup;
			children = (
				3450361A223A5A4400495854 /* MakeMoneyViewController.swift */,
			);
			path = ViewController;
			sourceTree = "<group>";
		};
		34503616223A59CC00495854 /* Mine */ = {
			isa = PBXGroup;
			children = (
				34503617223A59CC00495854 /* Model */,
				34503618223A59CC00495854 /* View */,
				34503619223A59CC00495854 /* ViewController */,
			);
			name = Mine;
			path = zxjSwift/Mine;
			sourceTree = SOURCE_ROOT;
		};
		34503617223A59CC00495854 /* Model */ = {
			isa = PBXGroup;
			children = (
			);
			path = Model;
			sourceTree = "<group>";
		};
		34503618223A59CC00495854 /* View */ = {
			isa = PBXGroup;
			children = (
				340CE28C223BFBF1003E8880 /* MineHeaderView.swift */,
				340CE2BE223CA209003E8880 /* MineContentView.swift */,
				340CE2C0223CAA26003E8880 /* MineContentViewCell.swift */,
			);
			path = View;
			sourceTree = "<group>";
		};
		34503619223A59CC00495854 /* ViewController */ = {
			isa = PBXGroup;
			children = (
				3450361C223A5A5C00495854 /* MineViewController.swift */,
			);
			path = ViewController;
			sourceTree = "<group>";
		};
		34503675223A950600495854 /* SDCycleScrollView */ = {
			isa = PBXGroup;
			children = (
				34503676223A950600495854 /* UIView+SDExtension.h */,
				34503677223A950600495854 /* SDCycleScrollView.h */,
				34503678223A950600495854 /* SDCollectionViewCell.h */,
				34503679223A950600495854 /* SDCycleScrollView.m */,
				3450367A223A950600495854 /* UIView+SDExtension.m */,
				3450367B223A950600495854 /* SDCollectionViewCell.m */,
				3450367C223A950600495854 /* PageControl */,
			);
			path = SDCycleScrollView;
			sourceTree = "<group>";
		};
		3450367C223A950600495854 /* PageControl */ = {
			isa = PBXGroup;
			children = (
				3450367D223A950600495854 /* TAAbstractDotView.h */,
				3450367E223A950600495854 /* TADotView.m */,
				3450367F223A950600495854 /* TAPageControl.m */,
				34503680223A950600495854 /* TAAnimatedDotView.m */,
				34503681223A950600495854 /* TAAbstractDotView.m */,
				34503682223A950600495854 /* TADotView.h */,
				34503683223A950600495854 /* TAAnimatedDotView.h */,
				34503684223A950600495854 /* TAPageControl.h */,
			);
			path = PageControl;
			sourceTree = "<group>";
		};
		3450368C223A95DE00495854 /* SDWebImage */ = {
			isa = PBXGroup;
			children = (
				3450368D223A95DE00495854 /* UIImageView+WebCache.h */,
				3450368E223A95DE00495854 /* NSData+ImageContentType.h */,
				3450368F223A95DE00495854 /* SDWebImageManager.m */,
				34503690223A95DE00495854 /* SDWebImageDecoder.m */,
				34503691223A95DE00495854 /* SDWebImageDownloaderOperation.h */,
				34503692223A95DE00495854 /* UIImageView+HighlightedWebCache.m */,
				34503693223A95DE00495854 /* SDImageCache.h */,
				34503694223A95DE00495854 /* SDWebImageDownloader.m */,
				34503695223A95DE00495854 /* UIImage+GIF.m */,
				34503696223A95DE00495854 /* UIButton+WebCache.h */,
				34503697223A95DE00495854 /* UIImage+MultiFormat.m */,
				34503698223A95DE00495854 /* SDWebImageCompat.m */,
				34503699223A95DE00495854 /* SDWebImagePrefetcher.m */,
				3450369A223A95DE00495854 /* UIView+WebCacheOperation.h */,
				3450369B223A95DE00495854 /* SDImageCache.m */,
				3450369C223A95DE00495854 /* UIImageView+HighlightedWebCache.h */,
				3450369D223A95DE00495854 /* SDWebImageDownloaderOperation.m */,
				3450369E223A95DE00495854 /* SDWebImageDecoder.h */,
				3450369F223A95DE00495854 /* SDWebImageManager.h */,
				345036A0223A95DE00495854 /* NSData+ImageContentType.m */,
				345036A1223A95DE00495854 /* UIImageView+WebCache.m */,
				345036A2223A95DE00495854 /* SDWebImageOperation.h */,
				345036A3223A95DE00495854 /* SDWebImageDownloader.h */,
				345036A4223A95DE00495854 /* UIView+WebCacheOperation.m */,
				345036A5223A95DE00495854 /* SDWebImagePrefetcher.h */,
				345036A6223A95DE00495854 /* SDWebImageCompat.h */,
				345036A7223A95DE00495854 /* UIImage+MultiFormat.h */,
				345036A8223A95DE00495854 /* UIButton+WebCache.m */,
				345036A9223A95DE00495854 /* UIImage+GIF.h */,
			);
			path = SDWebImage;
			sourceTree = "<group>";
		};
		349013EE223A3D5600958E69 = {
			isa = PBXGroup;
			children = (
				349013F9223A3D5600958E69 /* zxjSwift */,
				349013F8223A3D5600958E69 /* Products */,
				96A0A87AB17CE01BCC492C78 /* Pods */,
				92F228D637B212D4C9A682A0 /* Frameworks */,
			);
			sourceTree = "<group>";
		};
		349013F8223A3D5600958E69 /* Products */ = {
			isa = PBXGroup;
			children = (
				349013F7223A3D5600958E69 /* zxjSwift.app */,
			);
			name = Products;
			sourceTree = "<group>";
		};
		349013F9223A3D5600958E69 /* zxjSwift */ = {
			isa = PBXGroup;
			children = (
				349013FA223A3D5600958E69 /* AppDelegate.swift */,
				34503612223A59CC00495854 /* MakeMoney */,
				34503616223A59CC00495854 /* Mine */,
				34503608223A460400495854 /* Home */,
				3490140F223A3F4800958E69 /* Category */,
				3490140D223A3F4800958E69 /* Main */,
				3490140C223A3F4700958E69 /* Other */,
				3490140E223A3F4800958E69 /* Third */,
				34901410223A3F4800958E69 /* Tools */,
			);
			path = zxjSwift;
			sourceTree = "<group>";
		};
		3490140C223A3F4700958E69 /* Other */ = {
			isa = PBXGroup;
			children = (
				3450365D223A8FD600495854 /* Quizzler-Bridging-Header.h */,
				34901401223A3D5700958E69 /* Assets.xcassets */,
				34901403223A3D5700958E69 /* LaunchScreen.storyboard */,
				34901406223A3D5700958E69 /* Info.plist */,
			);
			path = Other;
			sourceTree = "<group>";
		};
		3490140D223A3F4800958E69 /* Main */ = {
			isa = PBXGroup;
			children = (
				34503601223A415F00495854 /* Model */,
				34503602223A415F00495854 /* View */,
				34503603223A415F00495854 /* ViewController */,
			);
			path = Main;
			sourceTree = "<group>";
		};
		3490140E223A3F4800958E69 /* Third */ = {
			isa = PBXGroup;
			children = (
				3450368C223A95DE00495854 /* SDWebImage */,
				34503675223A950600495854 /* SDCycleScrollView */,
			);
			path = Third;
			sourceTree = "<group>";
		};
		3490140F223A3F4800958E69 /* Category */ = {
			isa = PBXGroup;
			children = (
				340CE2B4223C95BC003E8880 /* UIButton+extension.swift */,
				340CE2B6223C9669003E8880 /* UIImageView+extension.swift */,
				340CE2B8223C96C0003E8880 /* UIView+extension.swift */,
				340CE2BA223C9793003E8880 /* UITableView+extension.swift */,
				340CE2BC223C980A003E8880 /* UICollectionView+extension.swift */,
				340CE2B2223C93B3003E8880 /* UILabel+extension.swift */,
				8795E550224BB8FE004C5582 /* UIButton+EdgeInsets.swift */,
			);
			path = Category;
			sourceTree = "<group>";
		};
		34901410223A3F4800958E69 /* Tools */ = {
			isa = PBXGroup;
			children = (
				34503624223A6DC200495854 /* Const.swift */,
			);
			path = Tools;
			sourceTree = "<group>";
		};
		92F228D637B212D4C9A682A0 /* Frameworks */ = {
			isa = PBXGroup;
			children = (
				3F46DC4F90A81B85AE675BF9 /* Pods_zxjSwift.framework */,
			);
			name = Frameworks;
			sourceTree = "<group>";
		};
		96A0A87AB17CE01BCC492C78 /* Pods */ = {
			isa = PBXGroup;
			children = (
				985D20551EC0DFE75A5A4ED8 /* Pods-zxjSwift.debug.xcconfig */,
				2D59A05522C5E1B075A5F39B /* Pods-zxjSwift.release.xcconfig */,
			);
			name = Pods;
			sourceTree = "<group>";
		};
/* End PBXGroup section */

/* Begin PBXNativeTarget section */
		349013F6223A3D5600958E69 /* zxjSwift */ = {
			isa = PBXNativeTarget;
			buildConfigurationList = 34901409223A3D5700958E69 /* Build configuration list for PBXNativeTarget "zxjSwift" */;
			buildPhases = (
				C2E42DFA38E7096A5D706E11 /* [CP] Check Pods Manifest.lock */,
				349013F3223A3D5600958E69 /* Sources */,
				349013F4223A3D5600958E69 /* Frameworks */,
				349013F5223A3D5600958E69 /* Resources */,
				E5C4FF33A822143FD8817ACF /* [CP] Embed Pods Frameworks */,
			);
			buildRules = (
			);
			dependencies = (
			);
			name = zxjSwift;
			productName = zxjSwift;
			productReference = 349013F7223A3D5600958E69 /* zxjSwift.app */;
			productType = "com.apple.product-type.application";
		};
/* End PBXNativeTarget section */

/* Begin PBXProject section */
		349013EF223A3D5600958E69 /* Project object */ = {
			isa = PBXProject;
			attributes = {
				LastSwiftUpdateCheck = 1010;
				LastUpgradeCheck = 1010;
				ORGANIZATIONNAME = "今日";
				TargetAttributes = {
					349013F6223A3D5600958E69 = {
						CreatedOnToolsVersion = 10.1;
					};
				};
			};
			buildConfigurationList = 349013F2223A3D5600958E69 /* Build configuration list for PBXProject "zxjSwift" */;
			compatibilityVersion = "Xcode 9.3";
			developmentRegion = en;
			hasScannedForEncodings = 0;
			knownRegions = (
				en,
				Base,
			);
			mainGroup = 349013EE223A3D5600958E69;
			productRefGroup = 349013F8223A3D5600958E69 /* Products */;
			projectDirPath = "";
			projectRoot = "";
			targets = (
				349013F6223A3D5600958E69 /* zxjSwift */,
			);
		};
/* End PBXProject section */

/* Begin PBXResourcesBuildPhase section */
		349013F5223A3D5600958E69 /* Resources */ = {
			isa = PBXResourcesBuildPhase;
			buildActionMask = 2147483647;
			files = (
				34901405223A3D5700958E69 /* LaunchScreen.storyboard in Resources */,
				34901402223A3D5700958E69 /* Assets.xcassets in Resources */,
			);
			runOnlyForDeploymentPostprocessing = 0;
		};
/* End PBXResourcesBuildPhase section */

/* Begin PBXShellScriptBuildPhase section */
		C2E42DFA38E7096A5D706E11 /* [CP] Check Pods Manifest.lock */ = {
			isa = PBXShellScriptBuildPhase;
			buildActionMask = 2147483647;
			files = (
			);
			inputPaths = (
				"${PODS_PODFILE_DIR_PATH}/Podfile.lock",
				"${PODS_ROOT}/Manifest.lock",
			);
			name = "[CP] Check Pods Manifest.lock";
			outputPaths = (
				"$(DERIVED_FILE_DIR)/Pods-zxjSwift-checkManifestLockResult.txt",
			);
			runOnlyForDeploymentPostprocessing = 0;
			shellPath = /bin/sh;
			shellScript = "diff \"${PODS_PODFILE_DIR_PATH}/Podfile.lock\" \"${PODS_ROOT}/Manifest.lock\" > /dev/null\nif [ $? != 0 ] ; then\n    # print error to STDERR\n    echo \"error: The sandbox is not in sync with the Podfile.lock. Run 'pod install' or update your CocoaPods installation.\" >&2\n    exit 1\nfi\n# This output is used by Xcode 'outputs' to avoid re-running this script phase.\necho \"SUCCESS\" > \"${SCRIPT_OUTPUT_FILE_0}\"\n";
			showEnvVarsInLog = 0;
		};
		E5C4FF33A822143FD8817ACF /* [CP] Embed Pods Frameworks */ = {
			isa = PBXShellScriptBuildPhase;
			buildActionMask = 2147483647;
			files = (
			);
			inputPaths = (
				"${PODS_ROOT}/Target Support Files/Pods-zxjSwift/Pods-zxjSwift-frameworks.sh",
				"${BUILT_PRODUCTS_DIR}/Alamofire/Alamofire.framework",
				"${BUILT_PRODUCTS_DIR}/FDFullscreenPopGesture/FDFullscreenPopGesture.framework",
				"${BUILT_PRODUCTS_DIR}/Kingfisher/Kingfisher.framework",
				"${BUILT_PRODUCTS_DIR}/SDCycleScrollView/SDCycleScrollView.framework",
				"${BUILT_PRODUCTS_DIR}/SDWebImage/SDWebImage.framework",
				"${BUILT_PRODUCTS_DIR}/SVProgressHUD/SVProgressHUD.framework",
				"${BUILT_PRODUCTS_DIR}/SnapKit/SnapKit.framework",
				"${BUILT_PRODUCTS_DIR}/SwiftyJSON/SwiftyJSON.framework",
			);
			name = "[CP] Embed Pods Frameworks";
			outputPaths = (
				"${TARGET_BUILD_DIR}/${FRAMEWORKS_FOLDER_PATH}/Alamofire.framework",
				"${TARGET_BUILD_DIR}/${FRAMEWORKS_FOLDER_PATH}/FDFullscreenPopGesture.framework",
				"${TARGET_BUILD_DIR}/${FRAMEWORKS_FOLDER_PATH}/Kingfisher.framework",
				"${TARGET_BUILD_DIR}/${FRAMEWORKS_FOLDER_PATH}/SDCycleScrollView.framework",
				"${TARGET_BUILD_DIR}/${FRAMEWORKS_FOLDER_PATH}/SDWebImage.framework",
				"${TARGET_BUILD_DIR}/${FRAMEWORKS_FOLDER_PATH}/SVProgressHUD.framework",
				"${TARGET_BUILD_DIR}/${FRAMEWORKS_FOLDER_PATH}/SnapKit.framework",
				"${TARGET_BUILD_DIR}/${FRAMEWORKS_FOLDER_PATH}/SwiftyJSON.framework",
			);
			runOnlyForDeploymentPostprocessing = 0;
			shellPath = /bin/sh;
			shellScript = "\"${PODS_ROOT}/Target Support Files/Pods-zxjSwift/Pods-zxjSwift-frameworks.sh\"\n";
			showEnvVarsInLog = 0;
		};
/* End PBXShellScriptBuildPhase section */

/* Begin PBXSourcesBuildPhase section */
		349013F3223A3D5600958E69 /* Sources */ = {
			isa = PBXSourcesBuildPhase;
			buildActionMask = 2147483647;
			files = (
				345036AE223A95DE00495854 /* UIImage+GIF.m in Sources */,
				345036B0223A95DE00495854 /* SDWebImageCompat.m in Sources */,
				340CE28B223BEA8F003E8880 /* HomeStateCell.swift in Sources */,
				3450360F223A474C00495854 /* HomeViewController.swift in Sources */,
				340CE2B5223C95BC003E8880 /* UIButton+extension.swift in Sources */,
				34503688223A950600495854 /* TADotView.m in Sources */,
				34503689223A950600495854 /* TAPageControl.m in Sources */,
				345036AA223A95DE00495854 /* SDWebImageManager.m in Sources */,
				34503607223A44F400495854 /* MainTabBarViewController.swift in Sources */,
				3450361B223A5A4400495854 /* MakeMoneyViewController.swift in Sources */,
				870F7AC22255A0D800883348 /* HomeApplyLoanImgFootView.swift in Sources */,
				3450361F223A601A00495854 /* HomeHeaderView.swift in Sources */,
				3450362A223A8E0900495854 /* HomeBannerCell.swift in Sources */,
				87BCD6D52264122100ACC3E0 /* HomeAlsoMoneyFootView.swift in Sources */,
				87592EF4224A078500FFE0A3 /* HomeLeadToProveChooseView.swift in Sources */,
				3450361D223A5A5C00495854 /* MineViewController.swift in Sources */,
				3450368B223A950600495854 /* TAAbstractDotView.m in Sources */,
				345036B7223A95DE00495854 /* UIButton+WebCache.m in Sources */,
				3450368A223A950600495854 /* TAAnimatedDotView.m in Sources */,
				340CE2BF223CA209003E8880 /* MineContentView.swift in Sources */,
				87176E6A2265648200454157 /* HomeDataProveSectionView.swift in Sources */,
				8768BF902252EFB000AFCAEE /* HomeLeadToProveBankInfoCell.swift in Sources */,
				87F45D35225ACE69001D3E11 /* HomeWebViewController.swift in Sources */,
				34503687223A950600495854 /* SDCollectionViewCell.m in Sources */,
				3420FD5C223D5D1D0041288D /* HomeActivationCell.swift in Sources */,
				345036AF223A95DE00495854 /* UIImage+MultiFormat.m in Sources */,
				340CE2C1223CAA26003E8880 /* MineContentViewCell.swift in Sources */,
				874278B722607B99000A1163 /* HomeAlsoMoneyTitleCell.swift in Sources */,
				87F45D37225ADFFF001D3E11 /* HomeAlsoMoneyViewController.swift in Sources */,
				340CE2C3223CCA4B003E8880 /* HomeActivationViewController.swift in Sources */,
				340CE2B9223C96C0003E8880 /* UIView+extension.swift in Sources */,
				345036B3223A95DE00495854 /* SDWebImageDownloaderOperation.m in Sources */,
				87917148224CEC1B00AB685E /* HomeLeadToProveContactCell.swift in Sources */,
				345036AB223A95DE00495854 /* SDWebImageDecoder.m in Sources */,
				345036B1223A95DE00495854 /* SDWebImagePrefetcher.m in Sources */,
				340CE2B3223C93B3003E8880 /* UILabel+extension.swift in Sources */,
				345036B4223A95DE00495854 /* NSData+ImageContentType.m in Sources */,
				340CE2BD223C980B003E8880 /* UICollectionView+extension.swift in Sources */,
				34503611223A48DE00495854 /* MainNaveViewController.swift in Sources */,
				34D38FB8223BB427007DCAC0 /* HomeTitleBannerCell.swift in Sources */,
				87176E6622655D8700454157 /* HomeDataProveViewController.swift in Sources */,
				34503686223A950600495854 /* UIView+SDExtension.m in Sources */,
				34503685223A950600495854 /* SDCycleScrollView.m in Sources */,
				87F45D39225AE68D001D3E11 /* HomeAlsoMoneyNaviView.swift in Sources */,
				345036B6223A95DE00495854 /* UIView+WebCacheOperation.m in Sources */,
				8795E54F224B7C0C004C5582 /* HomeLeadToProveidenCell.swift in Sources */,
				3450360D223A463300495854 /* BaseViewControlle.swift in Sources */,
				8795E551224BB8FE004C5582 /* UIButton+EdgeInsets.swift in Sources */,
				87BCD6D32264069600ACC3E0 /* HomeAlsoMoneyPsyTypeCell.swift in Sources */,
				87592EF2224A021300FFE0A3 /* HomeLeadToProveViewController.swift in Sources */,
				349013FB223A3D5600958E69 /* AppDelegate.swift in Sources */,
				340CE28D223BFBF1003E8880 /* MineHeaderView.swift in Sources */,
				340CE2B7223C9669003E8880 /* UIImageView+extension.swift in Sources */,
				345036AC223A95DE00495854 /* UIImageView+HighlightedWebCache.m in Sources */,
				87176E682265610D00454157 /* HomeDataProveCell.swift in Sources */,
				340CE2BB223C9793003E8880 /* UITableView+extension.swift in Sources */,
				870F7ABE22558D3900883348 /* HomeApplyLoanViewController.swift in Sources */,
				874278B5226072E4000A1163 /* HomeAlsoMoneyHeaderView.swift in Sources */,
				870F7AC022558EDA00883348 /* HomeApplyLoanImgCell.swift in Sources */,
				345036B2223A95DE00495854 /* SDImageCache.m in Sources */,
				345036B5223A95DE00495854 /* UIImageView+WebCache.m in Sources */,
				345036AD223A95DE00495854 /* SDWebImageDownloader.m in Sources */,
				34503625223A6DC200495854 /* Const.swift in Sources */,
			);
			runOnlyForDeploymentPostprocessing = 0;
		};
/* End PBXSourcesBuildPhase section */

/* Begin PBXVariantGroup section */
		34901403223A3D5700958E69 /* LaunchScreen.storyboard */ = {
			isa = PBXVariantGroup;
			children = (
				34901404223A3D5700958E69 /* Base */,
			);
			name = LaunchScreen.storyboard;
			sourceTree = "<group>";
		};
/* End PBXVariantGroup section */

/* Begin XCBuildConfiguration section */
		34901407223A3D5700958E69 /* Debug */ = {
			isa = XCBuildConfiguration;
			buildSettings = {
				ALWAYS_SEARCH_USER_PATHS = NO;
				CLANG_ANALYZER_NONNULL = YES;
				CLANG_ANALYZER_NUMBER_OBJECT_CONVERSION = YES_AGGRESSIVE;
				CLANG_CXX_LANGUAGE_STANDARD = "gnu++14";
				CLANG_CXX_LIBRARY = "libc++";
				CLANG_ENABLE_MODULES = YES;
				CLANG_ENABLE_OBJC_ARC = YES;
				CLANG_ENABLE_OBJC_WEAK = YES;
				CLANG_WARN_BLOCK_CAPTURE_AUTORELEASING = YES;
				CLANG_WARN_BOOL_CONVERSION = YES;
				CLANG_WARN_COMMA = YES;
				CLANG_WARN_CONSTANT_CONVERSION = YES;
				CLANG_WARN_DEPRECATED_OBJC_IMPLEMENTATIONS = YES;
				CLANG_WARN_DIRECT_OBJC_ISA_USAGE = YES_ERROR;
				CLANG_WARN_DOCUMENTATION_COMMENTS = YES;
				CLANG_WARN_EMPTY_BODY = YES;
				CLANG_WARN_ENUM_CONVERSION = YES;
				CLANG_WARN_INFINITE_RECURSION = YES;
				CLANG_WARN_INT_CONVERSION = YES;
				CLANG_WARN_NON_LITERAL_NULL_CONVERSION = YES;
				CLANG_WARN_OBJC_IMPLICIT_RETAIN_SELF = YES;
				CLANG_WARN_OBJC_LITERAL_CONVERSION = YES;
				CLANG_WARN_OBJC_ROOT_CLASS = YES_ERROR;
				CLANG_WARN_RANGE_LOOP_ANALYSIS = YES;
				CLANG_WARN_STRICT_PROTOTYPES = YES;
				CLANG_WARN_SUSPICIOUS_MOVE = YES;
				CLANG_WARN_UNGUARDED_AVAILABILITY = YES_AGGRESSIVE;
				CLANG_WARN_UNREACHABLE_CODE = YES;
				CLANG_WARN__DUPLICATE_METHOD_MATCH = YES;
				CODE_SIGN_IDENTITY = "iPhone Developer";
				COPY_PHASE_STRIP = NO;
				DEBUG_INFORMATION_FORMAT = dwarf;
				ENABLE_STRICT_OBJC_MSGSEND = YES;
				ENABLE_TESTABILITY = YES;
				GCC_C_LANGUAGE_STANDARD = gnu11;
				GCC_DYNAMIC_NO_PIC = NO;
				GCC_NO_COMMON_BLOCKS = YES;
				GCC_OPTIMIZATION_LEVEL = 0;
				GCC_PREPROCESSOR_DEFINITIONS = (
					"DEBUG=1",
					"$(inherited)",
				);
				GCC_WARN_64_TO_32_BIT_CONVERSION = YES;
				GCC_WARN_ABOUT_RETURN_TYPE = YES_ERROR;
				GCC_WARN_UNDECLARED_SELECTOR = YES;
				GCC_WARN_UNINITIALIZED_AUTOS = YES_AGGRESSIVE;
				GCC_WARN_UNUSED_FUNCTION = YES;
				GCC_WARN_UNUSED_VARIABLE = YES;
				IPHONEOS_DEPLOYMENT_TARGET = 12.1;
				MTL_ENABLE_DEBUG_INFO = INCLUDE_SOURCE;
				MTL_FAST_MATH = YES;
				ONLY_ACTIVE_ARCH = YES;
				SDKROOT = iphoneos;
				SWIFT_ACTIVE_COMPILATION_CONDITIONS = DEBUG;
				SWIFT_OPTIMIZATION_LEVEL = "-Onone";
			};
			name = Debug;
		};
		34901408223A3D5700958E69 /* Release */ = {
			isa = XCBuildConfiguration;
			buildSettings = {
				ALWAYS_SEARCH_USER_PATHS = NO;
				CLANG_ANALYZER_NONNULL = YES;
				CLANG_ANALYZER_NUMBER_OBJECT_CONVERSION = YES_AGGRESSIVE;
				CLANG_CXX_LANGUAGE_STANDARD = "gnu++14";
				CLANG_CXX_LIBRARY = "libc++";
				CLANG_ENABLE_MODULES = YES;
				CLANG_ENABLE_OBJC_ARC = YES;
				CLANG_ENABLE_OBJC_WEAK = YES;
				CLANG_WARN_BLOCK_CAPTURE_AUTORELEASING = YES;
				CLANG_WARN_BOOL_CONVERSION = YES;
				CLANG_WARN_COMMA = YES;
				CLANG_WARN_CONSTANT_CONVERSION = YES;
				CLANG_WARN_DEPRECATED_OBJC_IMPLEMENTATIONS = YES;
				CLANG_WARN_DIRECT_OBJC_ISA_USAGE = YES_ERROR;
				CLANG_WARN_DOCUMENTATION_COMMENTS = YES;
				CLANG_WARN_EMPTY_BODY = YES;
				CLANG_WARN_ENUM_CONVERSION = YES;
				CLANG_WARN_INFINITE_RECURSION = YES;
				CLANG_WARN_INT_CONVERSION = YES;
				CLANG_WARN_NON_LITERAL_NULL_CONVERSION = YES;
				CLANG_WARN_OBJC_IMPLICIT_RETAIN_SELF = YES;
				CLANG_WARN_OBJC_LITERAL_CONVERSION = YES;
				CLANG_WARN_OBJC_ROOT_CLASS = YES_ERROR;
				CLANG_WARN_RANGE_LOOP_ANALYSIS = YES;
				CLANG_WARN_STRICT_PROTOTYPES = YES;
				CLANG_WARN_SUSPICIOUS_MOVE = YES;
				CLANG_WARN_UNGUARDED_AVAILABILITY = YES_AGGRESSIVE;
				CLANG_WARN_UNREACHABLE_CODE = YES;
				CLANG_WARN__DUPLICATE_METHOD_MATCH = YES;
				CODE_SIGN_IDENTITY = "iPhone Developer";
				COPY_PHASE_STRIP = NO;
				DEBUG_INFORMATION_FORMAT = "dwarf-with-dsym";
				ENABLE_NS_ASSERTIONS = NO;
				ENABLE_STRICT_OBJC_MSGSEND = YES;
				GCC_C_LANGUAGE_STANDARD = gnu11;
				GCC_NO_COMMON_BLOCKS = YES;
				GCC_WARN_64_TO_32_BIT_CONVERSION = YES;
				GCC_WARN_ABOUT_RETURN_TYPE = YES_ERROR;
				GCC_WARN_UNDECLARED_SELECTOR = YES;
				GCC_WARN_UNINITIALIZED_AUTOS = YES_AGGRESSIVE;
				GCC_WARN_UNUSED_FUNCTION = YES;
				GCC_WARN_UNUSED_VARIABLE = YES;
				IPHONEOS_DEPLOYMENT_TARGET = 12.1;
				MTL_ENABLE_DEBUG_INFO = NO;
				MTL_FAST_MATH = YES;
				SDKROOT = iphoneos;
				SWIFT_COMPILATION_MODE = wholemodule;
				SWIFT_OPTIMIZATION_LEVEL = "-O";
				VALIDATE_PRODUCT = YES;
			};
			name = Release;
		};
		3490140A223A3D5700958E69 /* Debug */ = {
			isa = XCBuildConfiguration;
			baseConfigurationReference = 985D20551EC0DFE75A5A4ED8 /* Pods-zxjSwift.debug.xcconfig */;
			buildSettings = {
				ASSETCATALOG_COMPILER_APPICON_NAME = AppIcon;
				CODE_SIGN_STYLE = Automatic;
				DEVELOPMENT_TEAM = UQMJ3SY2V6;
				GCC_PREFIX_HEADER = "";
				INFOPLIST_FILE = "$(SRCROOT)/zxjSwift/Other/Info.plist";
				IPHONEOS_DEPLOYMENT_TARGET = 8.0;
				LD_RUNPATH_SEARCH_PATHS = "@executable_path/Frameworks";
				PRODUCT_BUNDLE_IDENTIFIER = "---.zxjSwift";
				PRODUCT_NAME = "$(TARGET_NAME)";
				SWIFT_OBJC_BRIDGING_HEADER = "/Users/cyan/Desktop/我的电脑/个人/Swift/zxjswfit/zxjSwfit/zxjSwift/Other/Quizzler-Bridging-Header.h";
				SWIFT_VERSION = 4.0;
				TARGETED_DEVICE_FAMILY = "1,2";
			};
			name = Debug;
		};
		3490140B223A3D5700958E69 /* Release */ = {
			isa = XCBuildConfiguration;
			baseConfigurationReference = 2D59A05522C5E1B075A5F39B /* Pods-zxjSwift.release.xcconfig */;
			buildSettings = {
				ASSETCATALOG_COMPILER_APPICON_NAME = AppIcon;
				CODE_SIGN_STYLE = Automatic;
				DEVELOPMENT_TEAM = UQMJ3SY2V6;
				GCC_PREFIX_HEADER = "";
				INFOPLIST_FILE = "$(SRCROOT)/zxjSwift/Other/Info.plist";
				IPHONEOS_DEPLOYMENT_TARGET = 8.0;
				LD_RUNPATH_SEARCH_PATHS = "@executable_path/Frameworks";
				PRODUCT_BUNDLE_IDENTIFIER = "---.zxjSwift";
				PRODUCT_NAME = "$(TARGET_NAME)";
				SWIFT_OBJC_BRIDGING_HEADER = "/Users/cyan/Desktop/我的电脑/个人/Swift/zxjswfit/zxjSwfit/zxjSwift/Other/Quizzler-Bridging-Header.h";
				SWIFT_VERSION = 4.0;
				TARGETED_DEVICE_FAMILY = "1,2";
			};
			name = Release;
		};
/* End XCBuildConfiguration section */

/* Begin XCConfigurationList section */
		349013F2223A3D5600958E69 /* Build configuration list for PBXProject "zxjSwift" */ = {
			isa = XCConfigurationList;
			buildConfigurations = (
				34901407223A3D5700958E69 /* Debug */,
				34901408223A3D5700958E69 /* Release */,
			);
			defaultConfigurationIsVisible = 0;
			defaultConfigurationName = Release;
		};
		34901409223A3D5700958E69 /* Build configuration list for PBXNativeTarget "zxjSwift" */ = {
			isa = XCConfigurationList;
			buildConfigurations = (
				3490140A223A3D5700958E69 /* Debug */,
				3490140B223A3D5700958E69 /* Release */,
			);
			defaultConfigurationIsVisible = 0;
			defaultConfigurationName = Release;
		};
/* End XCConfigurationList section */
	};
	rootObject = 349013EF223A3D5600958E69 /* Project object */;
}
